
Microsoft Visual Studio Solution File, Format Version 12.00
# Visual Studio Version 17
VisualStudioVersion = 17.8.34316.72
MinimumVisualStudioVersion = 10.0.40219.1
Project("{9A19103F-16F7-4668-BE54-9A1E7A4F7556}") = "Mvc.PresentationLayer", "Project01MVC\Mvc.PresentationLayer.csproj", "{B0562F80-D2F0-4946-B609-47BFC98FEC0A}"
EndProject
Project("{9A19103F-16F7-4668-BE54-9A1E7A4F7556}") = "Demo.BusinessLogicLayer", "BusinessLogicLayer\Demo.BusinessLogicLayer.csproj", "{004ECBEE-A87D-426D-A56C-D3CC49CE960D}"
EndProject
Project("{9A19103F-16F7-4668-BE54-9A1E7A4F7556}") = "Demo.DataAccessLayer", "Demo.DataAccessLayer\Demo.DataAccessLayer.csproj", "{CD3B01C8-D149-4462-83EA-75C7DCEC612C}"
EndProject
Global
	GlobalSection(SolutionConfigurationPlatforms) = preSolution
		Debug|Any CPU = Debug|Any CPU
		Release|Any CPU = Release|Any CPU
	EndGlobalSection
	GlobalSection(ProjectConfigurationPlatforms) = postSolution
		{B0562F80-D2F0-4946-B609-47BFC98FEC0A}.Debug|Any CPU.ActiveCfg = Debug|Any CPU
		{B0562F80-D2F0-4946-B609-47BFC98FEC0A}.Debug|Any CPU.Build.0 = Debug|Any CPU
		{B0562F80-D2F0-4946-B609-47BFC98FEC0A}.Release|Any CPU.ActiveCfg = Release|Any CPU
		{B0562F80-D2F0-4946-B609-47BFC98FEC0A}.Release|Any CPU.Build.0 = Release|Any CPU
		{004ECBEE-A87D-426D-A56C-D3CC49CE960D}.Debug|Any CPU.ActiveCfg = Debug|Any CPU
		{004ECBEE-A87D-426D-A56C-D3CC49CE960D}.Debug|Any CPU.Build.0 = Debug|Any CPU
		{004ECBEE-A87D-426D-A56C-D3CC49CE960D}.Release|Any CPU.ActiveCfg = Release|Any CPU
		{004ECBEE-A87D-426D-A56C-D3CC49CE960D}.Release|Any CPU.Build.0 = Release|Any CPU
		{CD3B01C8-D149-4462-83EA-75C7DCEC612C}.Debug|Any CPU.ActiveCfg = Debug|Any CPU
		{CD3B01C8-D149-4462-83EA-75C7DCEC612C}.Debug|Any CPU.Build.0 = Debug|Any CPU
		{CD3B01C8-D149-4462-83EA-75C7DCEC612C}.Release|Any CPU.ActiveCfg = Release|Any CPU
		{CD3B01C8-D149-4462-83EA-75C7DCEC612C}.Release|Any CPU.Build.0 = Release|Any CPU
	EndGlobalSection
	GlobalSection(SolutionProperties) = preSolution
		HideSolutionNode = FALSE
	EndGlobalSection
	GlobalSection(ExtensibilityGlobals) = postSolution
		SolutionGuid = {E2D1A092-F080-4948-855C-E5635F5AD644}
	EndGlobalSection
EndGlobal
